
Microsoft Visual Studio Solution File, Format Version 12.00
# Visual Studio Version 17
VisualStudioVersion = 17.12.35707.178
MinimumVisualStudioVersion = 10.0.40219.1
Project("{FAE04EC0-301F-11D3-BF4B-00C04F79EFBC}") = "PrimeiroProjeto", "PrimeiroProjeto\PrimeiroProjeto.csproj", "{6ABD5D8F-ADAD-4221-8EC2-3D398FFF478D}"
EndProject
Project("{FAE04EC0-301F-11D3-BF4B-00C04F79EFBC}") = "Funcoes", "..\Funcoes\Funcoes\Funcoes.csproj", "{3D3F9F53-36DC-406E-868C-0993C08997BA}"
EndProject
Project("{FAE04EC0-301F-11D3-BF4B-00C04F79EFBC}") = "Classes", "Classes\Classes.csproj", "{3B2C8271-8B69-4857-B224-EA1CEA715C75}"
EndProject
Project("{FAE04EC0-301F-11D3-BF4B-00C04F79EFBC}") = "Produto", "Produto\Produto.csproj", "{44A7F50B-1E3F-446A-8719-D31C2F42AF13}"
EndProject
Project("{FAE04EC0-301F-11D3-BF4B-00C04F79EFBC}") = "Construtores", "Construtores\Construtores.csproj", "{FD0BD953-0448-4F18-9E85-21E7226A8AF8}"
EndProject
Project("{FAE04EC0-301F-11D3-BF4B-00C04F79EFBC}") = "Encapsulamento", "Encapsulamento\Encapsulamento.csproj", "{12AE7289-B7B5-4202-BADA-56DE7F75D649}"
EndProject
Project("{FAE04EC0-301F-11D3-BF4B-00C04F79EFBC}") = "Propriedade", "Propriedade\Propriedade.csproj", "{E189ED65-E269-4284-A354-1A689DF6BB02}"
EndProject
Project("{FAE04EC0-301F-11D3-BF4B-00C04F79EFBC}") = "Struct", "Struct\Struct.csproj", "{B506856B-6C37-4E20-A59A-BBC7BF870A85}"
EndProject
Project("{FAE04EC0-301F-11D3-BF4B-00C04F79EFBC}") = "Arrays", "Arrays\Arrays.csproj", "{985F817C-BC1D-4C3E-965A-6D83BEB0332F}"
EndProject
Project("{FAE04EC0-301F-11D3-BF4B-00C04F79EFBC}") = "ArrayClass", "ArrayClass\ArrayClass.csproj", "{03D42CD5-E712-46A3-B67C-B85F15A29849}"
EndProject
Project("{FAE04EC0-301F-11D3-BF4B-00C04F79EFBC}") = "Calculator", "Calculator\Calculator.csproj", "{72ED4610-6222-4699-AE4B-76FBDBA7496E}"
EndProject
Project("{FAE04EC0-301F-11D3-BF4B-00C04F79EFBC}") = "List", "List\List.csproj", "{D1A87B96-745C-4E74-A5B1-FD0B75DDD476}"
EndProject
Project("{FAE04EC0-301F-11D3-BF4B-00C04F79EFBC}") = "Matriz", "Matriz\Matriz.csproj", "{1AFF3E93-EF16-47BB-8573-A3AA0037DFF7}"
EndProject
Global
	GlobalSection(SolutionConfigurationPlatforms) = preSolution
		Debug|Any CPU = Debug|Any CPU
		Release|Any CPU = Release|Any CPU
	EndGlobalSection
	GlobalSection(ProjectConfigurationPlatforms) = postSolution
		{6ABD5D8F-ADAD-4221-8EC2-3D398FFF478D}.Debug|Any CPU.ActiveCfg = Debug|Any CPU
		{6ABD5D8F-ADAD-4221-8EC2-3D398FFF478D}.Debug|Any CPU.Build.0 = Debug|Any CPU
		{6ABD5D8F-ADAD-4221-8EC2-3D398FFF478D}.Release|Any CPU.ActiveCfg = Release|Any CPU
		{6ABD5D8F-ADAD-4221-8EC2-3D398FFF478D}.Release|Any CPU.Build.0 = Release|Any CPU
		{3D3F9F53-36DC-406E-868C-0993C08997BA}.Debug|Any CPU.ActiveCfg = Debug|Any CPU
		{3D3F9F53-36DC-406E-868C-0993C08997BA}.Debug|Any CPU.Build.0 = Debug|Any CPU
		{3D3F9F53-36DC-406E-868C-0993C08997BA}.Release|Any CPU.ActiveCfg = Release|Any CPU
		{3D3F9F53-36DC-406E-868C-0993C08997BA}.Release|Any CPU.Build.0 = Release|Any CPU
		{3B2C8271-8B69-4857-B224-EA1CEA715C75}.Debug|Any CPU.ActiveCfg = Debug|Any CPU
		{3B2C8271-8B69-4857-B224-EA1CEA715C75}.Debug|Any CPU.Build.0 = Debug|Any CPU
		{3B2C8271-8B69-4857-B224-EA1CEA715C75}.Release|Any CPU.ActiveCfg = Release|Any CPU
		{3B2C8271-8B69-4857-B224-EA1CEA715C75}.Release|Any CPU.Build.0 = Release|Any CPU
		{44A7F50B-1E3F-446A-8719-D31C2F42AF13}.Debug|Any CPU.ActiveCfg = Debug|Any CPU
		{44A7F50B-1E3F-446A-8719-D31C2F42AF13}.Debug|Any CPU.Build.0 = Debug|Any CPU
		{44A7F50B-1E3F-446A-8719-D31C2F42AF13}.Release|Any CPU.ActiveCfg = Release|Any CPU
		{44A7F50B-1E3F-446A-8719-D31C2F42AF13}.Release|Any CPU.Build.0 = Release|Any CPU
		{FD0BD953-0448-4F18-9E85-21E7226A8AF8}.Debug|Any CPU.ActiveCfg = Debug|Any CPU
		{FD0BD953-0448-4F18-9E85-21E7226A8AF8}.Debug|Any CPU.Build.0 = Debug|Any CPU
		{FD0BD953-0448-4F18-9E85-21E7226A8AF8}.Release|Any CPU.ActiveCfg = Release|Any CPU
		{FD0BD953-0448-4F18-9E85-21E7226A8AF8}.Release|Any CPU.Build.0 = Release|Any CPU
		{12AE7289-B7B5-4202-BADA-56DE7F75D649}.Debug|Any CPU.ActiveCfg = Debug|Any CPU
		{12AE7289-B7B5-4202-BADA-56DE7F75D649}.Debug|Any CPU.Build.0 = Debug|Any CPU
		{12AE7289-B7B5-4202-BADA-56DE7F75D649}.Release|Any CPU.ActiveCfg = Release|Any CPU
		{12AE7289-B7B5-4202-BADA-56DE7F75D649}.Release|Any CPU.Build.0 = Release|Any CPU
		{E189ED65-E269-4284-A354-1A689DF6BB02}.Debug|Any CPU.ActiveCfg = Debug|Any CPU
		{E189ED65-E269-4284-A354-1A689DF6BB02}.Debug|Any CPU.Build.0 = Debug|Any CPU
		{E189ED65-E269-4284-A354-1A689DF6BB02}.Release|Any CPU.ActiveCfg = Release|Any CPU
		{E189ED65-E269-4284-A354-1A689DF6BB02}.Release|Any CPU.Build.0 = Release|Any CPU
		{B506856B-6C37-4E20-A59A-BBC7BF870A85}.Debug|Any CPU.ActiveCfg = Debug|Any CPU
		{B506856B-6C37-4E20-A59A-BBC7BF870A85}.Debug|Any CPU.Build.0 = Debug|Any CPU
		{B506856B-6C37-4E20-A59A-BBC7BF870A85}.Release|Any CPU.ActiveCfg = Release|Any CPU
		{B506856B-6C37-4E20-A59A-BBC7BF870A85}.Release|Any CPU.Build.0 = Release|Any CPU
		{985F817C-BC1D-4C3E-965A-6D83BEB0332F}.Debug|Any CPU.ActiveCfg = Debug|Any CPU
		{985F817C-BC1D-4C3E-965A-6D83BEB0332F}.Debug|Any CPU.Build.0 = Debug|Any CPU
		{985F817C-BC1D-4C3E-965A-6D83BEB0332F}.Release|Any CPU.ActiveCfg = Release|Any CPU
		{985F817C-BC1D-4C3E-965A-6D83BEB0332F}.Release|Any CPU.Build.0 = Release|Any CPU
		{03D42CD5-E712-46A3-B67C-B85F15A29849}.Debug|Any CPU.ActiveCfg = Debug|Any CPU
		{03D42CD5-E712-46A3-B67C-B85F15A29849}.Debug|Any CPU.Build.0 = Debug|Any CPU
		{03D42CD5-E712-46A3-B67C-B85F15A29849}.Release|Any CPU.ActiveCfg = Release|Any CPU
		{03D42CD5-E712-46A3-B67C-B85F15A29849}.Release|Any CPU.Build.0 = Release|Any CPU
		{72ED4610-6222-4699-AE4B-76FBDBA7496E}.Debug|Any CPU.ActiveCfg = Debug|Any CPU
		{72ED4610-6222-4699-AE4B-76FBDBA7496E}.Debug|Any CPU.Build.0 = Debug|Any CPU
		{72ED4610-6222-4699-AE4B-76FBDBA7496E}.Release|Any CPU.ActiveCfg = Release|Any CPU
		{72ED4610-6222-4699-AE4B-76FBDBA7496E}.Release|Any CPU.Build.0 = Release|Any CPU
		{D1A87B96-745C-4E74-A5B1-FD0B75DDD476}.Debug|Any CPU.ActiveCfg = Debug|Any CPU
		{D1A87B96-745C-4E74-A5B1-FD0B75DDD476}.Debug|Any CPU.Build.0 = Debug|Any CPU
		{D1A87B96-745C-4E74-A5B1-FD0B75DDD476}.Release|Any CPU.ActiveCfg = Release|Any CPU
		{D1A87B96-745C-4E74-A5B1-FD0B75DDD476}.Release|Any CPU.Build.0 = Release|Any CPU
		{1AFF3E93-EF16-47BB-8573-A3AA0037DFF7}.Debug|Any CPU.ActiveCfg = Debug|Any CPU
		{1AFF3E93-EF16-47BB-8573-A3AA0037DFF7}.Debug|Any CPU.Build.0 = Debug|Any CPU
		{1AFF3E93-EF16-47BB-8573-A3AA0037DFF7}.Release|Any CPU.ActiveCfg = Release|Any CPU
		{1AFF3E93-EF16-47BB-8573-A3AA0037DFF7}.Release|Any CPU.Build.0 = Release|Any CPU
	EndGlobalSection
	GlobalSection(SolutionProperties) = preSolution
		HideSolutionNode = FALSE
	EndGlobalSection
EndGlobal
